
Microsoft Visual Studio Solution File, Format Version 12.00
# Visual Studio Version 16
VisualStudioVersion = 16.0.31424.327
MinimumVisualStudioVersion = 10.0.40219.1
Project("{9A19103F-16F7-4668-BE54-9A1E7A4F7556}") = "DbProductsORM", "..\..\..\..\source\repos\DbProductsORM\DbProductsORM\DbProductsORM.csproj", "{96B7BD3B-D345-405F-8DAB-05A1CD08C6F9}"
EndProject
Global
	GlobalSection(SolutionConfigurationPlatforms) = preSolution
		Debug|Any CPU = Debug|Any CPU
		Release|Any CPU = Release|Any CPU
	EndGlobalSection
	GlobalSection(ProjectConfigurationPlatforms) = postSolution
		{96B7BD3B-D345-405F-8DAB-05A1CD08C6F9}.Debug|Any CPU.ActiveCfg = Debug|Any CPU
		{96B7BD3B-D345-405F-8DAB-05A1CD08C6F9}.Debug|Any CPU.Build.0 = Debug|Any CPU
		{96B7BD3B-D345-405F-8DAB-05A1CD08C6F9}.Release|Any CPU.ActiveCfg = Release|Any CPU
		{96B7BD3B-D345-405F-8DAB-05A1CD08C6F9}.Release|Any CPU.Build.0 = Release|Any CPU
	EndGlobalSection
	GlobalSection(SolutionProperties) = preSolution
		HideSolutionNode = FALSE
	EndGlobalSection
	GlobalSection(ExtensibilityGlobals) = postSolution
		SolutionGuid = {4580D55D-0A3E-4BFF-AE99-001B5771DDAF}
	EndGlobalSection
EndGlobal
